// !$*UTF8*$!
{
	archiveVersion = 1;
	classes = {
	};
	objectVersion = 50;
	objects = {

/* Begin PBXBuildFile section */
		E06FCCC92432B48C00163600 /* Main.storyboard in Resources */ = {isa = PBXBuildFile; fileRef = E06FCCC72432B48C00163600 /* Main.storyboard */; };
		E06FCCCB2432B48E00163600 /* Assets.xcassets in Resources */ = {isa = PBXBuildFile; fileRef = E06FCCCA2432B48E00163600 /* Assets.xcassets */; };
		E06FCCCE2432B48E00163600 /* LaunchScreen.storyboard in Resources */ = {isa = PBXBuildFile; fileRef = E06FCCCC2432B48E00163600 /* LaunchScreen.storyboard */; };
		E0909A1525DB039500A68F7A /* Array.swift in Sources */ = {isa = PBXBuildFile; fileRef = E0909A0525DB039400A68F7A /* Array.swift */; };
		E0909A1625DB039500A68F7A /* Playground.swift in Sources */ = {isa = PBXBuildFile; fileRef = E0909A0625DB039400A68F7A /* Playground.swift */; };
		E0909A1725DB039500A68F7A /* Matrix.swift in Sources */ = {isa = PBXBuildFile; fileRef = E0909A0725DB039400A68F7A /* Matrix.swift */; };
		E0909A1825DB039500A68F7A /* Generic.swift in Sources */ = {isa = PBXBuildFile; fileRef = E0909A0825DB039400A68F7A /* Generic.swift */; };
		E0909A1925DB039500A68F7A /* TableviewDQueue.swift in Sources */ = {isa = PBXBuildFile; fileRef = E0909A0925DB039400A68F7A /* TableviewDQueue.swift */; };
		E0909A1A25DB039500A68F7A /* AppDelegate.swift in Sources */ = {isa = PBXBuildFile; fileRef = E0909A0A25DB039400A68F7A /* AppDelegate.swift */; };
		E0909A1B25DB039500A68F7A /* Tree.swift in Sources */ = {isa = PBXBuildFile; fileRef = E0909A0B25DB039400A68F7A /* Tree.swift */; };
		E0909A1C25DB039500A68F7A /* Helper.swift in Sources */ = {isa = PBXBuildFile; fileRef = E0909A0C25DB039400A68F7A /* Helper.swift */; };
		E0909A1D25DB039500A68F7A /* ViewController.swift in Sources */ = {isa = PBXBuildFile; fileRef = E0909A0D25DB039400A68F7A /* ViewController.swift */; };
		E0909A1E25DB039500A68F7A /* Collections_Docs.swift in Sources */ = {isa = PBXBuildFile; fileRef = E0909A0E25DB039400A68F7A /* Collections_Docs.swift */; };
		E0909A1F25DB039500A68F7A /* Sort.swift in Sources */ = {isa = PBXBuildFile; fileRef = E0909A0F25DB039400A68F7A /* Sort.swift */; };
		E0909A2025DB039500A68F7A /* BitManipulation.swift in Sources */ = {isa = PBXBuildFile; fileRef = E0909A1025DB039400A68F7A /* BitManipulation.swift */; };
		E0909A2125DB039500A68F7A /* SceneDelegate.swift in Sources */ = {isa = PBXBuildFile; fileRef = E0909A1125DB039400A68F7A /* SceneDelegate.swift */; };
		E0909A2225DB039500A68F7A /* Search.swift in Sources */ = {isa = PBXBuildFile; fileRef = E0909A1225DB039500A68F7A /* Search.swift */; };
		E0909A2325DB039500A68F7A /* Permutation.swift in Sources */ = {isa = PBXBuildFile; fileRef = E0909A1325DB039500A68F7A /* Permutation.swift */; };
		E0909A2425DB039500A68F7A /* String.swift in Sources */ = {isa = PBXBuildFile; fileRef = E0909A1425DB039500A68F7A /* String.swift */; };
/* End PBXBuildFile section */

/* Begin PBXFileReference section */
		E06FCCBE2432B48C00163600 /* Practice.app */ = {isa = PBXFileReference; explicitFileType = wrapper.application; includeInIndex = 0; path = Practice.app; sourceTree = BUILT_PRODUCTS_DIR; };
		E06FCCC82432B48C00163600 /* Base */ = {isa = PBXFileReference; lastKnownFileType = file.storyboard; name = Base; path = Base.lproj/Main.storyboard; sourceTree = "<group>"; };
		E06FCCCA2432B48E00163600 /* Assets.xcassets */ = {isa = PBXFileReference; lastKnownFileType = folder.assetcatalog; path = Assets.xcassets; sourceTree = "<group>"; };
		E06FCCCD2432B48E00163600 /* Base */ = {isa = PBXFileReference; lastKnownFileType = file.storyboard; name = Base; path = Base.lproj/LaunchScreen.storyboard; sourceTree = "<group>"; };
		E06FCCCF2432B48E00163600 /* Info.plist */ = {isa = PBXFileReference; lastKnownFileType = text.plist.xml; path = Info.plist; sourceTree = "<group>"; };
		E0909A0525DB039400A68F7A /* Array.swift */ = {isa = PBXFileReference; fileEncoding = 4; lastKnownFileType = sourcecode.swift; path = Array.swift; sourceTree = "<group>"; };
		E0909A0625DB039400A68F7A /* Playground.swift */ = {isa = PBXFileReference; fileEncoding = 4; lastKnownFileType = sourcecode.swift; path = Playground.swift; sourceTree = "<group>"; };
		E0909A0725DB039400A68F7A /* Matrix.swift */ = {isa = PBXFileReference; fileEncoding = 4; lastKnownFileType = sourcecode.swift; path = Matrix.swift; sourceTree = "<group>"; };
		E0909A0825DB039400A68F7A /* Generic.swift */ = {isa = PBXFileReference; fileEncoding = 4; lastKnownFileType = sourcecode.swift; path = Generic.swift; sourceTree = "<group>"; };
		E0909A0925DB039400A68F7A /* TableviewDQueue.swift */ = {isa = PBXFileReference; fileEncoding = 4; lastKnownFileType = sourcecode.swift; path = TableviewDQueue.swift; sourceTree = "<group>"; };
		E0909A0A25DB039400A68F7A /* AppDelegate.swift */ = {isa = PBXFileReference; fileEncoding = 4; lastKnownFileType = sourcecode.swift; path = AppDelegate.swift; sourceTree = "<group>"; };
		E0909A0B25DB039400A68F7A /* Tree.swift */ = {isa = PBXFileReference; fileEncoding = 4; lastKnownFileType = sourcecode.swift; path = Tree.swift; sourceTree = "<group>"; };
		E0909A0C25DB039400A68F7A /* Helper.swift */ = {isa = PBXFileReference; fileEncoding = 4; lastKnownFileType = sourcecode.swift; path = Helper.swift; sourceTree = "<group>"; };
		E0909A0D25DB039400A68F7A /* ViewController.swift */ = {isa = PBXFileReference; fileEncoding = 4; lastKnownFileType = sourcecode.swift; path = ViewController.swift; sourceTree = "<group>"; };
		E0909A0E25DB039400A68F7A /* Collections_Docs.swift */ = {isa = PBXFileReference; fileEncoding = 4; lastKnownFileType = sourcecode.swift; path = Collections_Docs.swift; sourceTree = "<group>"; };
		E0909A0F25DB039400A68F7A /* Sort.swift */ = {isa = PBXFileReference; fileEncoding = 4; lastKnownFileType = sourcecode.swift; path = Sort.swift; sourceTree = "<group>"; };
		E0909A1025DB039400A68F7A /* BitManipulation.swift */ = {isa = PBXFileReference; fileEncoding = 4; lastKnownFileType = sourcecode.swift; path = BitManipulation.swift; sourceTree = "<group>"; };
		E0909A1125DB039400A68F7A /* SceneDelegate.swift */ = {isa = PBXFileReference; fileEncoding = 4; lastKnownFileType = sourcecode.swift; path = SceneDelegate.swift; sourceTree = "<group>"; };
		E0909A1225DB039500A68F7A /* Search.swift */ = {isa = PBXFileReference; fileEncoding = 4; lastKnownFileType = sourcecode.swift; path = Search.swift; sourceTree = "<group>"; };
		E0909A1325DB039500A68F7A /* Permutation.swift */ = {isa = PBXFileReference; fileEncoding = 4; lastKnownFileType = sourcecode.swift; path = Permutation.swift; sourceTree = "<group>"; };
		E0909A1425DB039500A68F7A /* String.swift */ = {isa = PBXFileReference; fileEncoding = 4; lastKnownFileType = sourcecode.swift; path = String.swift; sourceTree = "<group>"; };
/* End PBXFileReference section */

/* Begin PBXFrameworksBuildPhase section */
		E06FCCBB2432B48C00163600 /* Frameworks */ = {
			isa = PBXFrameworksBuildPhase;
			buildActionMask = 2147483647;
			files = (
			);
			runOnlyForDeploymentPostprocessing = 0;
		};
/* End PBXFrameworksBuildPhase section */

/* Begin PBXGroup section */
		E06FCCB52432B48C00163600 = {
			isa = PBXGroup;
			children = (
				E06FCCC02432B48C00163600 /* Practice */,
				E06FCCBF2432B48C00163600 /* Products */,
			);
			sourceTree = "<group>";
		};
		E06FCCBF2432B48C00163600 /* Products */ = {
			isa = PBXGroup;
			children = (
				E06FCCBE2432B48C00163600 /* Practice.app */,
			);
			name = Products;
			sourceTree = "<group>";
		};
		E06FCCC02432B48C00163600 /* Practice */ = {
			isa = PBXGroup;
			children = (
				E0909A0A25DB039400A68F7A /* AppDelegate.swift */,
				E0909A1025DB039400A68F7A /* BitManipulation.swift */,
				E0909A0E25DB039400A68F7A /* Collections_Docs.swift */,
				E0909A0825DB039400A68F7A /* Generic.swift */,
				E0909A0C25DB039400A68F7A /* Helper.swift */,
				E0909A0725DB039400A68F7A /* Matrix.swift */,
				E0909A1325DB039500A68F7A /* Permutation.swift */,
				E0909A1125DB039400A68F7A /* SceneDelegate.swift */,
				E0909A1225DB039500A68F7A /* Search.swift */,
				E0909A0F25DB039400A68F7A /* Sort.swift */,
				E0909A1425DB039500A68F7A /* String.swift */,
				E0909A0525DB039400A68F7A /* Array.swift */,
				E0909A0625DB039400A68F7A /* Playground.swift */,
				E0909A0925DB039400A68F7A /* TableviewDQueue.swift */,
				E0909A0B25DB039400A68F7A /* Tree.swift */,
				E0909A0D25DB039400A68F7A /* ViewController.swift */,
				E06FCCC72432B48C00163600 /* Main.storyboard */,
				E06FCCCA2432B48E00163600 /* Assets.xcassets */,
				E06FCCCC2432B48E00163600 /* LaunchScreen.storyboard */,
				E06FCCCF2432B48E00163600 /* Info.plist */,
			);
			path = Practice;
			sourceTree = "<group>";
		};
/* End PBXGroup section */

/* Begin PBXNativeTarget section */
		E06FCCBD2432B48C00163600 /* Practice */ = {
			isa = PBXNativeTarget;
			buildConfigurationList = E06FCCD22432B48E00163600 /* Build configuration list for PBXNativeTarget "Practice" */;
			buildPhases = (
				E06FCCBA2432B48C00163600 /* Sources */,
				E06FCCBB2432B48C00163600 /* Frameworks */,
				E06FCCBC2432B48C00163600 /* Resources */,
			);
			buildRules = (
			);
			dependencies = (
			);
			name = Practice;
			productName = Test;
			productReference = E06FCCBE2432B48C00163600 /* Practice.app */;
			productType = "com.apple.product-type.application";
		};
/* End PBXNativeTarget section */

/* Begin PBXProject section */
		E06FCCB62432B48C00163600 /* Project object */ = {
			isa = PBXProject;
			attributes = {
				LastSwiftUpdateCheck = 1120;
				LastUpgradeCheck = 1120;
				ORGANIZATIONNAME = "Ajith Antony";
				TargetAttributes = {
					E06FCCBD2432B48C00163600 = {
						CreatedOnToolsVersion = 11.2.1;
						LastSwiftMigration = 1220;
					};
				};
			};
			buildConfigurationList = E06FCCB92432B48C00163600 /* Build configuration list for PBXProject "Practice" */;
			compatibilityVersion = "Xcode 9.3";
			developmentRegion = en;
			hasScannedForEncodings = 0;
			knownRegions = (
				en,
				Base,
			);
			mainGroup = E06FCCB52432B48C00163600;
			productRefGroup = E06FCCBF2432B48C00163600 /* Products */;
			projectDirPath = "";
			projectRoot = "";
			targets = (
				E06FCCBD2432B48C00163600 /* Practice */,
			);
		};
/* End PBXProject section */

/* Begin PBXResourcesBuildPhase section */
		E06FCCBC2432B48C00163600 /* Resources */ = {
			isa = PBXResourcesBuildPhase;
			buildActionMask = 2147483647;
			files = (
				E06FCCCE2432B48E00163600 /* LaunchScreen.storyboard in Resources */,
				E06FCCCB2432B48E00163600 /* Assets.xcassets in Resources */,
				E06FCCC92432B48C00163600 /* Main.storyboard in Resources */,
			);
			runOnlyForDeploymentPostprocessing = 0;
		};
/* End PBXResourcesBuildPhase section */

/* Begin PBXSourcesBuildPhase section */
		E06FCCBA2432B48C00163600 /* Sources */ = {
			isa = PBXSourcesBuildPhase;
			buildActionMask = 2147483647;
			files = (
				E0909A1D25DB039500A68F7A /* ViewController.swift in Sources */,
				E0909A1A25DB039500A68F7A /* AppDelegate.swift in Sources */,
				E0909A1625DB039500A68F7A /* Playground.swift in Sources */,
				E0909A1525DB039500A68F7A /* Array.swift in Sources */,
				E0909A1825DB039500A68F7A /* Generic.swift in Sources */,
				E0909A1F25DB039500A68F7A /* Sort.swift in Sources */,
				E0909A2125DB039500A68F7A /* SceneDelegate.swift in Sources */,
				E0909A2025DB039500A68F7A /* BitManipulation.swift in Sources */,
				E0909A1725DB039500A68F7A /* Matrix.swift in Sources */,
				E0909A1B25DB039500A68F7A /* Tree.swift in Sources */,
				E0909A1E25DB039500A68F7A /* Collections_Docs.swift in Sources */,
				E0909A1925DB039500A68F7A /* TableviewDQueue.swift in Sources */,
				E0909A2325DB039500A68F7A /* Permutation.swift in Sources */,
				E0909A2225DB039500A68F7A /* Search.swift in Sources */,
				E0909A2425DB039500A68F7A /* String.swift in Sources */,
				E0909A1C25DB039500A68F7A /* Helper.swift in Sources */,
			);
			runOnlyForDeploymentPostprocessing = 0;
		};
/* End PBXSourcesBuildPhase section */

/* Begin PBXVariantGroup section */
		E06FCCC72432B48C00163600 /* Main.storyboard */ = {
			isa = PBXVariantGroup;
			children = (
				E06FCCC82432B48C00163600 /* Base */,
			);
			name = Main.storyboard;
			sourceTree = "<group>";
		};
		E06FCCCC2432B48E00163600 /* LaunchScreen.storyboard */ = {
			isa = PBXVariantGroup;
			children = (
				E06FCCCD2432B48E00163600 /* Base */,
			);
			name = LaunchScreen.storyboard;
			sourceTree = "<group>";
		};
/* End PBXVariantGroup section */

/* Begin XCBuildConfiguration section */
		E06FCCD02432B48E00163600 /* Debug */ = {
			isa = XCBuildConfiguration;
			buildSettings = {
				ALWAYS_SEARCH_USER_PATHS = NO;
				CLANG_ANALYZER_NONNULL = YES;
				CLANG_ANALYZER_NUMBER_OBJECT_CONVERSION = YES_AGGRESSIVE;
				CLANG_CXX_LANGUAGE_STANDARD = "gnu++14";
				CLANG_CXX_LIBRARY = "libc++";
				CLANG_ENABLE_MODULES = YES;
				CLANG_ENABLE_OBJC_ARC = YES;
				CLANG_ENABLE_OBJC_WEAK = YES;
				CLANG_WARN_BLOCK_CAPTURE_AUTORELEASING = YES;
				CLANG_WARN_BOOL_CONVERSION = YES;
				CLANG_WARN_COMMA = YES;
				CLANG_WARN_CONSTANT_CONVERSION = YES;
				CLANG_WARN_DEPRECATED_OBJC_IMPLEMENTATIONS = YES;
				CLANG_WARN_DIRECT_OBJC_ISA_USAGE = YES_ERROR;
				CLANG_WARN_DOCUMENTATION_COMMENTS = YES;
				CLANG_WARN_EMPTY_BODY = YES;
				CLANG_WARN_ENUM_CONVERSION = YES;
				CLANG_WARN_INFINITE_RECURSION = YES;
				CLANG_WARN_INT_CONVERSION = YES;
				CLANG_WARN_NON_LITERAL_NULL_CONVERSION = YES;
				CLANG_WARN_OBJC_IMPLICIT_RETAIN_SELF = YES;
				CLANG_WARN_OBJC_LITERAL_CONVERSION = YES;
				CLANG_WARN_OBJC_ROOT_CLASS = YES_ERROR;
				CLANG_WARN_RANGE_LOOP_ANALYSIS = YES;
				CLANG_WARN_STRICT_PROTOTYPES = YES;
				CLANG_WARN_SUSPICIOUS_MOVE = YES;
				CLANG_WARN_UNGUARDED_AVAILABILITY = YES_AGGRESSIVE;
				CLANG_WARN_UNREACHABLE_CODE = YES;
				CLANG_WARN__DUPLICATE_METHOD_MATCH = YES;
				COPY_PHASE_STRIP = NO;
				DEBUG_INFORMATION_FORMAT = dwarf;
				ENABLE_STRICT_OBJC_MSGSEND = YES;
				ENABLE_TESTABILITY = YES;
				GCC_C_LANGUAGE_STANDARD = gnu11;
				GCC_DYNAMIC_NO_PIC = NO;
				GCC_NO_COMMON_BLOCKS = YES;
				GCC_OPTIMIZATION_LEVEL = 0;
				GCC_PREPROCESSOR_DEFINITIONS = (
					"DEBUG=1",
					"$(inherited)",
				);
				GCC_WARN_64_TO_32_BIT_CONVERSION = YES;
				GCC_WARN_ABOUT_RETURN_TYPE = YES_ERROR;
				GCC_WARN_UNDECLARED_SELECTOR = YES;
				GCC_WARN_UNINITIALIZED_AUTOS = YES_AGGRESSIVE;
				GCC_WARN_UNUSED_FUNCTION = YES;
				GCC_WARN_UNUSED_VARIABLE = YES;
				IPHONEOS_DEPLOYMENT_TARGET = 13.2;
				MTL_ENABLE_DEBUG_INFO = INCLUDE_SOURCE;
				MTL_FAST_MATH = YES;
				ONLY_ACTIVE_ARCH = YES;
				SDKROOT = iphoneos;
				SWIFT_ACTIVE_COMPILATION_CONDITIONS = DEBUG;
				SWIFT_OPTIMIZATION_LEVEL = "-Onone";
			};
			name = Debug;
		};
		E06FCCD12432B48E00163600 /* Release */ = {
			isa = XCBuildConfiguration;
			buildSettings = {
				ALWAYS_SEARCH_USER_PATHS = NO;
				CLANG_ANALYZER_NONNULL = YES;
				CLANG_ANALYZER_NUMBER_OBJECT_CONVERSION = YES_AGGRESSIVE;
				CLANG_CXX_LANGUAGE_STANDARD = "gnu++14";
				CLANG_CXX_LIBRARY = "libc++";
				CLANG_ENABLE_MODULES = YES;
				CLANG_ENABLE_OBJC_ARC = YES;
				CLANG_ENABLE_OBJC_WEAK = YES;
				CLANG_WARN_BLOCK_CAPTURE_AUTORELEASING = YES;
				CLANG_WARN_BOOL_CONVERSION = YES;
				CLANG_WARN_COMMA = YES;
				CLANG_WARN_CONSTANT_CONVERSION = YES;
				CLANG_WARN_DEPRECATED_OBJC_IMPLEMENTATIONS = YES;
				CLANG_WARN_DIRECT_OBJC_ISA_USAGE = YES_ERROR;
				CLANG_WARN_DOCUMENTATION_COMMENTS = YES;
				CLANG_WARN_EMPTY_BODY = YES;
				CLANG_WARN_ENUM_CONVERSION = YES;
				CLANG_WARN_INFINITE_RECURSION = YES;
				CLANG_WARN_INT_CONVERSION = YES;
				CLANG_WARN_NON_LITERAL_NULL_CONVERSION = YES;
				CLANG_WARN_OBJC_IMPLICIT_RETAIN_SELF = YES;
				CLANG_WARN_OBJC_LITERAL_CONVERSION = YES;
				CLANG_WARN_OBJC_ROOT_CLASS = YES_ERROR;
				CLANG_WARN_RANGE_LOOP_ANALYSIS = YES;
				CLANG_WARN_STRICT_PROTOTYPES = YES;
				CLANG_WARN_SUSPICIOUS_MOVE = YES;
				CLANG_WARN_UNGUARDED_AVAILABILITY = YES_AGGRESSIVE;
				CLANG_WARN_UNREACHABLE_CODE = YES;
				CLANG_WARN__DUPLICATE_METHOD_MATCH = YES;
				COPY_PHASE_STRIP = NO;
				DEBUG_INFORMATION_FORMAT = "dwarf-with-dsym";
				ENABLE_NS_ASSERTIONS = NO;
				ENABLE_STRICT_OBJC_MSGSEND = YES;
				GCC_C_LANGUAGE_STANDARD = gnu11;
				GCC_NO_COMMON_BLOCKS = YES;
				GCC_WARN_64_TO_32_BIT_CONVERSION = YES;
				GCC_WARN_ABOUT_RETURN_TYPE = YES_ERROR;
				GCC_WARN_UNDECLARED_SELECTOR = YES;
				GCC_WARN_UNINITIALIZED_AUTOS = YES_AGGRESSIVE;
				GCC_WARN_UNUSED_FUNCTION = YES;
				GCC_WARN_UNUSED_VARIABLE = YES;
				IPHONEOS_DEPLOYMENT_TARGET = 13.2;
				MTL_ENABLE_DEBUG_INFO = NO;
				MTL_FAST_MATH = YES;
				SDKROOT = iphoneos;
				SWIFT_COMPILATION_MODE = wholemodule;
				SWIFT_OPTIMIZATION_LEVEL = "-O";
				VALIDATE_PRODUCT = YES;
			};
			name = Release;
		};
		E06FCCD32432B48E00163600 /* Debug */ = {
			isa = XCBuildConfiguration;
			buildSettings = {
				ASSETCATALOG_COMPILER_APPICON_NAME = AppIcon;
				CLANG_ENABLE_MODULES = YES;
				CODE_SIGN_STYLE = Automatic;
				DEVELOPMENT_TEAM = FPQGW73C56;
				INFOPLIST_FILE = Practice/Info.plist;
				LD_RUNPATH_SEARCH_PATHS = (
					"$(inherited)",
					"@executable_path/Frameworks",
				);
				PRODUCT_BUNDLE_IDENTIFIER = com.pge.dc.sketch.Test;
				PRODUCT_NAME = "$(TARGET_NAME)";
				SWIFT_OPTIMIZATION_LEVEL = "-Onone";
				SWIFT_VERSION = 5.0;
				TARGETED_DEVICE_FAMILY = "1,2";
			};
			name = Debug;
		};
		E06FCCD42432B48E00163600 /* Release */ = {
			isa = XCBuildConfiguration;
			buildSettings = {
				ASSETCATALOG_COMPILER_APPICON_NAME = AppIcon;
				CLANG_ENABLE_MODULES = YES;
				CODE_SIGN_STYLE = Automatic;
				DEVELOPMENT_TEAM = FPQGW73C56;
				INFOPLIST_FILE = Practice/Info.plist;
				LD_RUNPATH_SEARCH_PATHS = (
					"$(inherited)",
					"@executable_path/Frameworks",
				);
				PRODUCT_BUNDLE_IDENTIFIER = com.pge.dc.sketch.Test;
				PRODUCT_NAME = "$(TARGET_NAME)";
				SWIFT_VERSION = 5.0;
				TARGETED_DEVICE_FAMILY = "1,2";
			};
			name = Release;
		};
/* End XCBuildConfiguration section */

/* Begin XCConfigurationList section */
		E06FCCB92432B48C00163600 /* Build configuration list for PBXProject "Practice" */ = {
			isa = XCConfigurationList;
			buildConfigurations = (
				E06FCCD02432B48E00163600 /* Debug */,
				E06FCCD12432B48E00163600 /* Release */,
			);
			defaultConfigurationIsVisible = 0;
			defaultConfigurationName = Release;
		};
		E06FCCD22432B48E00163600 /* Build configuration list for PBXNativeTarget "Practice" */ = {
			isa = XCConfigurationList;
			buildConfigurations = (
				E06FCCD32432B48E00163600 /* Debug */,
				E06FCCD42432B48E00163600 /* Release */,
			);
			defaultConfigurationIsVisible = 0;
			defaultConfigurationName = Release;
		};
/* End XCConfigurationList section */
	};
	rootObject = E06FCCB62432B48C00163600 /* Project object */;
}
